<?xml version="1.0" encoding="utf-8"?>
<Project ToolsVersion="4.0" xmlns="http://schemas.microsoft.com/developer/msbuild/2003">
  <ItemGroup>
    <Filter Include="Source Files">
      <UniqueIdentifier>{4FC737F1-C7A5-4376-A066-2A32D752A2FF}</UniqueIdentifier>
      <Extensions>cpp;c;cc;cxx;def;odl;idl;hpj;bat;asm;asmx</Extensions>
    </Filter>
    <Filter Include="Header Files">
      <UniqueIdentifier>{93995380-89BD-4b04-88EB-625FBE52EBFB}</UniqueIdentifier>
      <Extensions>h;hh;hpp;hxx;hm;inl;inc;ipp;xsd</Extensions>
    </Filter>
    <Filter Include="Resource Files">
      <UniqueIdentifier>{67DA6AB6-F800-4c08-8B7A-83BB121AAD01}</UniqueIdentifier>
      <Extensions>rc;ico;cur;bmp;dlg;rc2;rct;bin;rgs;gif;jpg;jpeg;jpe;resx;tiff;tif;png;wav;mfcribbon-ms</Extensions>
    </Filter>
    <Filter Include="Source Files\Vectors">
      <UniqueIdentifier>{8efc1105-16b6-4d53-ac82-24f5e30b87f7}</UniqueIdentifier>
    </Filter>
    <Filter Include="Header Files\Vectors">
      <UniqueIdentifier>{a3dde960-bcd9-45cf-bf80-700c8a6fc32a}</UniqueIdentifier>
    </Filter>
    <Filter Include="Header Files\Sequences">
      <UniqueIdentifier>{4cf7b13c-c236-4306-a320-24cfb06e3573}</UniqueIdentifier>
    </Filter>
    <Filter Include="Source Files\Sequences">
      <UniqueIdentifier>{19bc489a-7add-413d-b330-5ec5e1fcfccc}</UniqueIdentifier>
    </Filter>
  </ItemGroup>
  <ItemGroup>
    <ClInclude Include="stdafx.h">
      <Filter>Header Files</Filter>
    </ClInclude>
    <ClInclude Include="targetver.h">
      <Filter>Header Files</Filter>
    </ClInclude>
    <ClInclude Include="..\ExcMath\Vectors\AddVectors.hpp">
      <Filter>Header Files\Vectors</Filter>
    </ClInclude>
    <ClInclude Include="..\ExcMath\Sequences\Sequences.hpp">
      <Filter>Header Files\Sequences</Filter>
    </ClInclude>
  </ItemGroup>
  <ItemGroup>
    <ClCompile Include="stdafx.cpp">
      <Filter>Source Files</Filter>
    </ClCompile>
    <ClCompile Include="UnitTestsAddVectors.cpp">
      <Filter>Source Files</Filter>
    </ClCompile>
    <ClCompile Include="..\ExcMath\Vectors\AddVectors.cpp">
      <Filter>Source Files\Vectors</Filter>
    </ClCompile>
    <ClCompile Include="..\ExcMath\Sequences\PowerOfTwo.cpp">
      <Filter>Source Files\Sequences</Filter>
    </ClCompile>
  </ItemGroup>
</Project>